
Microsoft Visual Studio Solution File, Format Version 12.00
# Visual Studio Version 17
VisualStudioVersion = 17.12.35527.113 d17.12
MinimumVisualStudioVersion = 10.0.40219.1
Project("{FAE04EC0-301F-11D3-BF4B-00C04F79EFBC}") = "Lecc31Act1", "Lecc31Act1\Lecc31Act1.csproj", "{EF793D2D-C48E-4505-9855-77135A083E8A}"
EndProject
Global
	GlobalSection(SolutionConfigurationPlatforms) = preSolution
		Debug|Any CPU = Debug|Any CPU
		Release|Any CPU = Release|Any CPU
	EndGlobalSection
	GlobalSection(ProjectConfigurationPlatforms) = postSolution
		{EF793D2D-C48E-4505-9855-77135A083E8A}.Debug|Any CPU.ActiveCfg = Debug|Any CPU
		{EF793D2D-C48E-4505-9855-77135A083E8A}.Debug|Any CPU.Build.0 = Debug|Any CPU
		{EF793D2D-C48E-4505-9855-77135A083E8A}.Release|Any CPU.ActiveCfg = Release|Any CPU
		{EF793D2D-C48E-4505-9855-77135A083E8A}.Release|Any CPU.Build.0 = Release|Any CPU
	EndGlobalSection
	GlobalSection(SolutionProperties) = preSolution
		HideSolutionNode = FALSE
	EndGlobalSection
EndGlobal
